
Microsoft Visual Studio Solution File, Format Version 12.00
# Visual Studio Version 17
VisualStudioVersion = 17.2.32616.157
MinimumVisualStudioVersion = 10.0.40219.1
Project("{FAE04EC0-301F-11D3-BF4B-00C04F79EFBC}") = "MyWeb.API", "CORS-CrossSiteResourceSharing\MyWeb.API.csproj", "{722DEC89-3110-446F-A729-669AACFA461B}"
EndProject
Project("{FAE04EC0-301F-11D3-BF4B-00C04F79EFBC}") = "MyWeb.Web", "MyWeb.Web\MyWeb.Web.csproj", "{D9F9476C-29EB-4691-87C8-349AA73BB694}"
EndProject
Global
	GlobalSection(SolutionConfigurationPlatforms) = preSolution
		Debug|Any CPU = Debug|Any CPU
		Release|Any CPU = Release|Any CPU
	EndGlobalSection
	GlobalSection(ProjectConfigurationPlatforms) = postSolution
		{722DEC89-3110-446F-A729-669AACFA461B}.Debug|Any CPU.ActiveCfg = Debug|Any CPU
		{722DEC89-3110-446F-A729-669AACFA461B}.Debug|Any CPU.Build.0 = Debug|Any CPU
		{722DEC89-3110-446F-A729-669AACFA461B}.Release|Any CPU.ActiveCfg = Release|Any CPU
		{722DEC89-3110-446F-A729-669AACFA461B}.Release|Any CPU.Build.0 = Release|Any CPU
		{D9F9476C-29EB-4691-87C8-349AA73BB694}.Debug|Any CPU.ActiveCfg = Debug|Any CPU
		{D9F9476C-29EB-4691-87C8-349AA73BB694}.Debug|Any CPU.Build.0 = Debug|Any CPU
		{D9F9476C-29EB-4691-87C8-349AA73BB694}.Release|Any CPU.ActiveCfg = Release|Any CPU
		{D9F9476C-29EB-4691-87C8-349AA73BB694}.Release|Any CPU.Build.0 = Release|Any CPU
	EndGlobalSection
	GlobalSection(SolutionProperties) = preSolution
		HideSolutionNode = FALSE
	EndGlobalSection
	GlobalSection(ExtensibilityGlobals) = postSolution
		SolutionGuid = {D24A205C-BD02-49CA-8E6E-320A9543F586}
	EndGlobalSection
EndGlobal
